
Microsoft Visual Studio Solution File, Format Version 12.00
# Visual Studio 15
VisualStudioVersion = 15.0.26124.0
MinimumVisualStudioVersion = 15.0.26124.0
Project("{FAE04EC0-301F-11D3-BF4B-00C04F79EFBC}") = "library", "library\library.csproj", "{D32EE6C6-FE3C-473C-BE4F-2A20FA1CE1B4}"
EndProject
Project("{FAE04EC0-301F-11D3-BF4B-00C04F79EFBC}") = "sample", "sample\sample.csproj", "{4E7027D2-00B0-4F24-8A07-85950BED5D4E}"
EndProject
Project("{FAE04EC0-301F-11D3-BF4B-00C04F79EFBC}") = "tests", "tests\tests.csproj", "{53DAEFCE-2DD4-4ADD-A43A-63853CBC2443}"
EndProject
Project("{2150E333-8FDC-42A3-9474-1A3956D46DE8}") = "Extras", "Extras", "{7E300349-AC28-4136-B192-15D8E0D77AC5}"
	ProjectSection(SolutionItems) = preProject
		TODO.md = TODO.md
	EndProjectSection
EndProject
Global
	GlobalSection(SolutionConfigurationPlatforms) = preSolution
		Debug|Any CPU = Debug|Any CPU
		Debug|x64 = Debug|x64
		Debug|x86 = Debug|x86
		Release|Any CPU = Release|Any CPU
		Release|x64 = Release|x64
		Release|x86 = Release|x86
	EndGlobalSection
	GlobalSection(SolutionProperties) = preSolution
		HideSolutionNode = FALSE
	EndGlobalSection
	GlobalSection(ProjectConfigurationPlatforms) = postSolution
		{D32EE6C6-FE3C-473C-BE4F-2A20FA1CE1B4}.Debug|Any CPU.ActiveCfg = Debug|Any CPU
		{D32EE6C6-FE3C-473C-BE4F-2A20FA1CE1B4}.Debug|Any CPU.Build.0 = Debug|Any CPU
		{D32EE6C6-FE3C-473C-BE4F-2A20FA1CE1B4}.Debug|x64.ActiveCfg = Debug|Any CPU
		{D32EE6C6-FE3C-473C-BE4F-2A20FA1CE1B4}.Debug|x64.Build.0 = Debug|Any CPU
		{D32EE6C6-FE3C-473C-BE4F-2A20FA1CE1B4}.Debug|x86.ActiveCfg = Debug|Any CPU
		{D32EE6C6-FE3C-473C-BE4F-2A20FA1CE1B4}.Debug|x86.Build.0 = Debug|Any CPU
		{D32EE6C6-FE3C-473C-BE4F-2A20FA1CE1B4}.Release|Any CPU.ActiveCfg = Release|Any CPU
		{D32EE6C6-FE3C-473C-BE4F-2A20FA1CE1B4}.Release|Any CPU.Build.0 = Release|Any CPU
		{D32EE6C6-FE3C-473C-BE4F-2A20FA1CE1B4}.Release|x64.ActiveCfg = Release|Any CPU
		{D32EE6C6-FE3C-473C-BE4F-2A20FA1CE1B4}.Release|x64.Build.0 = Release|Any CPU
		{D32EE6C6-FE3C-473C-BE4F-2A20FA1CE1B4}.Release|x86.ActiveCfg = Release|Any CPU
		{D32EE6C6-FE3C-473C-BE4F-2A20FA1CE1B4}.Release|x86.Build.0 = Release|Any CPU
		{4E7027D2-00B0-4F24-8A07-85950BED5D4E}.Debug|Any CPU.ActiveCfg = Debug|Any CPU
		{4E7027D2-00B0-4F24-8A07-85950BED5D4E}.Debug|Any CPU.Build.0 = Debug|Any CPU
		{4E7027D2-00B0-4F24-8A07-85950BED5D4E}.Debug|x64.ActiveCfg = Debug|Any CPU
		{4E7027D2-00B0-4F24-8A07-85950BED5D4E}.Debug|x64.Build.0 = Debug|Any CPU
		{4E7027D2-00B0-4F24-8A07-85950BED5D4E}.Debug|x86.ActiveCfg = Debug|Any CPU
		{4E7027D2-00B0-4F24-8A07-85950BED5D4E}.Debug|x86.Build.0 = Debug|Any CPU
		{4E7027D2-00B0-4F24-8A07-85950BED5D4E}.Release|Any CPU.ActiveCfg = Release|Any CPU
		{4E7027D2-00B0-4F24-8A07-85950BED5D4E}.Release|Any CPU.Build.0 = Release|Any CPU
		{4E7027D2-00B0-4F24-8A07-85950BED5D4E}.Release|x64.ActiveCfg = Release|Any CPU
		{4E7027D2-00B0-4F24-8A07-85950BED5D4E}.Release|x64.Build.0 = Release|Any CPU
		{4E7027D2-00B0-4F24-8A07-85950BED5D4E}.Release|x86.ActiveCfg = Release|Any CPU
		{4E7027D2-00B0-4F24-8A07-85950BED5D4E}.Release|x86.Build.0 = Release|Any CPU
		{53DAEFCE-2DD4-4ADD-A43A-63853CBC2443}.Debug|Any CPU.ActiveCfg = Debug|Any CPU
		{53DAEFCE-2DD4-4ADD-A43A-63853CBC2443}.Debug|Any CPU.Build.0 = Debug|Any CPU
		{53DAEFCE-2DD4-4ADD-A43A-63853CBC2443}.Debug|x64.ActiveCfg = Debug|Any CPU
		{53DAEFCE-2DD4-4ADD-A43A-63853CBC2443}.Debug|x64.Build.0 = Debug|Any CPU
		{53DAEFCE-2DD4-4ADD-A43A-63853CBC2443}.Debug|x86.ActiveCfg = Debug|Any CPU
		{53DAEFCE-2DD4-4ADD-A43A-63853CBC2443}.Debug|x86.Build.0 = Debug|Any CPU
		{53DAEFCE-2DD4-4ADD-A43A-63853CBC2443}.Release|Any CPU.ActiveCfg = Release|Any CPU
		{53DAEFCE-2DD4-4ADD-A43A-63853CBC2443}.Release|Any CPU.Build.0 = Release|Any CPU
		{53DAEFCE-2DD4-4ADD-A43A-63853CBC2443}.Release|x64.ActiveCfg = Release|Any CPU
		{53DAEFCE-2DD4-4ADD-A43A-63853CBC2443}.Release|x64.Build.0 = Release|Any CPU
		{53DAEFCE-2DD4-4ADD-A43A-63853CBC2443}.Release|x86.ActiveCfg = Release|Any CPU
		{53DAEFCE-2DD4-4ADD-A43A-63853CBC2443}.Release|x86.Build.0 = Release|Any CPU
	EndGlobalSection
EndGlobal
